// !$*UTF8*$!
{
	archiveVersion = 1;
	classes = {
	};
	objectVersion = 56;
	objects = {

/* Begin PBXBuildFile section */
		122298072B05E4DB002771CF /* BirthdayView.swift in Sources */ = {isa = PBXBuildFile; fileRef = 122298062B05E4DB002771CF /* BirthdayView.swift */; };
		1222980C2B0C4610002771CF /* MainViewCountroller.swift in Sources */ = {isa = PBXBuildFile; fileRef = 1222980B2B0C4610002771CF /* MainViewCountroller.swift */; };
		1222980E2B0C461F002771CF /* MainView.swift in Sources */ = {isa = PBXBuildFile; fileRef = 1222980D2B0C461F002771CF /* MainView.swift */; };
		1222CE632AEA22C9003D3DB7 /* AppDelegate.swift in Sources */ = {isa = PBXBuildFile; fileRef = 1222CE622AEA22C9003D3DB7 /* AppDelegate.swift */; };
		1222CE6C2AEA22CA003D3DB7 /* Assets.xcassets in Resources */ = {isa = PBXBuildFile; fileRef = 1222CE6B2AEA22CA003D3DB7 /* Assets.xcassets */; };
		1222CE6F2AEA22CA003D3DB7 /* LaunchScreen.storyboard in Resources */ = {isa = PBXBuildFile; fileRef = 1222CE6D2AEA22CA003D3DB7 /* LaunchScreen.storyboard */; };
		1222CE792AEA5605003D3DB7 /* Celebrity.swift in Sources */ = {isa = PBXBuildFile; fileRef = 1222CE782AEA5605003D3DB7 /* Celebrity.swift */; };
		1222CE7B2AEA5A3E003D3DB7 /* User.swift in Sources */ = {isa = PBXBuildFile; fileRef = 1222CE7A2AEA5A3E003D3DB7 /* User.swift */; };
		1222CE7D2AEA6011003D3DB7 /* Achievement.swift in Sources */ = {isa = PBXBuildFile; fileRef = 1222CE7C2AEA6011003D3DB7 /* Achievement.swift */; };
		1222CE832AF1F4BF003D3DB7 /* UserManager.swift in Sources */ = {isa = PBXBuildFile; fileRef = 1222CE822AF1F4BF003D3DB7 /* UserManager.swift */; };
		1222CE852AF1F4C6003D3DB7 /* CelebrityManager.swift in Sources */ = {isa = PBXBuildFile; fileRef = 1222CE842AF1F4C6003D3DB7 /* CelebrityManager.swift */; };
		1222CE872AF1F4D2003D3DB7 /* AchievementManager.swift in Sources */ = {isa = PBXBuildFile; fileRef = 1222CE862AF1F4D2003D3DB7 /* AchievementManager.swift */; };
		1222CE912AFB47B7003D3DB7 /* SplashViewController.swift in Sources */ = {isa = PBXBuildFile; fileRef = 1222CE902AFB47B7003D3DB7 /* SplashViewController.swift */; };
		1275D0CB2AFDC849009F622E /* Achievement.json in Resources */ = {isa = PBXBuildFile; fileRef = 1275D0C92AFDC849009F622E /* Achievement.json */; };
		1275D0CC2AFDC849009F622E /* Celebrity.json in Resources */ = {isa = PBXBuildFile; fileRef = 1275D0CA2AFDC849009F622E /* Celebrity.json */; };
		1275D0CE2B01C6E7009F622E /* BirthdateRequestViewController.swift in Sources */ = {isa = PBXBuildFile; fileRef = 1275D0CD2B01C6E7009F622E /* BirthdateRequestViewController.swift */; };
		12F3755A2B32740D0020F993 /* CelebrityResponse.swift in Sources */ = {isa = PBXBuildFile; fileRef = 12F375592B32740D0020F993 /* CelebrityResponse.swift */; };
		12F3755C2B3277540020F993 /* AchievementResponse.swift in Sources */ = {isa = PBXBuildFile; fileRef = 12F3755B2B3277540020F993 /* AchievementResponse.swift */; };
		12F3755E2B32C9590020F993 /* MainTableSection.swift in Sources */ = {isa = PBXBuildFile; fileRef = 12F3755D2B32C9590020F993 /* MainTableSection.swift */; };
		12F8B1662B1EC32700845A74 /* MainTableView.swift in Sources */ = {isa = PBXBuildFile; fileRef = 12F8B1652B1EC32700845A74 /* MainTableView.swift */; };
		12F8B1692B1ECADF00845A74 /* CelebrityBirthdayDateCell.swift in Sources */ = {isa = PBXBuildFile; fileRef = 12F8B1682B1ECADF00845A74 /* CelebrityBirthdayDateCell.swift */; };
		12F8B16C2B1ECB0000845A74 /* AchievementDetailsCell.swift in Sources */ = {isa = PBXBuildFile; fileRef = 12F8B16B2B1ECB0000845A74 /* AchievementDetailsCell.swift */; };
		12F8B16E2B1ECB7E00845A74 /* MainTableElement.swift in Sources */ = {isa = PBXBuildFile; fileRef = 12F8B16D2B1ECB7E00845A74 /* MainTableElement.swift */; };
		12F8B1702B1EEA8000845A74 /* MainViewModel.swift in Sources */ = {isa = PBXBuildFile; fileRef = 12F8B16F2B1EEA8000845A74 /* MainViewModel.swift */; };
		12FF6E7A2B3BC388002A3F0A /* InfoView.swift in Sources */ = {isa = PBXBuildFile; fileRef = 12FF6E792B3BC388002A3F0A /* InfoView.swift */; };
		12FF6E7C2B3BC3A3002A3F0A /* InfoViewCountroller.swift in Sources */ = {isa = PBXBuildFile; fileRef = 12FF6E7B2B3BC3A3002A3F0A /* InfoViewCountroller.swift */; };
		12FF6EA02B4692DF002A3F0A /* InfoElement.swift in Sources */ = {isa = PBXBuildFile; fileRef = 12FF6E9F2B4692DF002A3F0A /* InfoElement.swift */; };
		12FF6EA22B4695A0002A3F0A /* InfoViewModel.swift in Sources */ = {isa = PBXBuildFile; fileRef = 12FF6EA12B4695A0002A3F0A /* InfoViewModel.swift */; };
		12FF6EA42B4962FA002A3F0A /* InfoTableView.swift in Sources */ = {isa = PBXBuildFile; fileRef = 12FF6EA32B4962FA002A3F0A /* InfoTableView.swift */; };
		12FF6EA72B496333002A3F0A /* InfoTableViewCell.swift in Sources */ = {isa = PBXBuildFile; fileRef = 12FF6EA62B496333002A3F0A /* InfoTableViewCell.swift */; };
		DE3635B82AFD40FE00B42FA2 /* SplashViewModel.swift in Sources */ = {isa = PBXBuildFile; fileRef = DE3635B72AFD40FE00B42FA2 /* SplashViewModel.swift */; };
		DE3635BA2AFD410500B42FA2 /* SplashView.swift in Sources */ = {isa = PBXBuildFile; fileRef = DE3635B92AFD410500B42FA2 /* SplashView.swift */; };
		DE3635BD2AFD415A00B42FA2 /* Localizable.strings in Resources */ = {isa = PBXBuildFile; fileRef = DE3635BF2AFD415A00B42FA2 /* Localizable.strings */; };
		DE3635C22AFD421800B42FA2 /* GradientView.swift in Sources */ = {isa = PBXBuildFile; fileRef = DE3635C12AFD421800B42FA2 /* GradientView.swift */; };
		DE3635C52AFD424400B42FA2 /* UIColor+Extension.swift in Sources */ = {isa = PBXBuildFile; fileRef = DE3635C42AFD424400B42FA2 /* UIColor+Extension.swift */; };
		DE3635C72AFD426D00B42FA2 /* String+Extension.swift in Sources */ = {isa = PBXBuildFile; fileRef = DE3635C62AFD426D00B42FA2 /* String+Extension.swift */; };
		DE3635CA2AFD42AA00B42FA2 /* ScreenSize.swift in Sources */ = {isa = PBXBuildFile; fileRef = DE3635C92AFD42AA00B42FA2 /* ScreenSize.swift */; };
		DE3635CC2AFD42C900B42FA2 /* Scalable.swift in Sources */ = {isa = PBXBuildFile; fileRef = DE3635CB2AFD42C900B42FA2 /* Scalable.swift */; };
		DE3635CE2AFD42DD00B42FA2 /* TextAttributes.swift in Sources */ = {isa = PBXBuildFile; fileRef = DE3635CD2AFD42DD00B42FA2 /* TextAttributes.swift */; };
		DE3635D52AFD442500B42FA2 /* Nunito-Medium.ttf in Resources */ = {isa = PBXBuildFile; fileRef = DE3635D42AFD440A00B42FA2 /* Nunito-Medium.ttf */; };
		DE3635D62AFD442500B42FA2 /* Nunito-SemiBold.ttf in Resources */ = {isa = PBXBuildFile; fileRef = DE3635D32AFD440100B42FA2 /* Nunito-SemiBold.ttf */; };
		DE3635D72AFD442500B42FA2 /* Nunito-Regular.ttf in Resources */ = {isa = PBXBuildFile; fileRef = DE3635D22AFD43FE00B42FA2 /* Nunito-Regular.ttf */; };
		DE3635D82AFD442500B42FA2 /* Nunito-Bold.ttf in Resources */ = {isa = PBXBuildFile; fileRef = DE3635D12AFD43F700B42FA2 /* Nunito-Bold.ttf */; };
		DE3635DA2AFD445F00B42FA2 /* Fonts.swift in Sources */ = {isa = PBXBuildFile; fileRef = DE3635D92AFD445F00B42FA2 /* Fonts.swift */; };
/* End PBXBuildFile section */

/* Begin PBXFileReference section */
		122298062B05E4DB002771CF /* BirthdayView.swift */ = {isa = PBXFileReference; lastKnownFileType = sourcecode.swift; path = BirthdayView.swift; sourceTree = "<group>"; };
		1222980B2B0C4610002771CF /* MainViewCountroller.swift */ = {isa = PBXFileReference; lastKnownFileType = sourcecode.swift; path = MainViewCountroller.swift; sourceTree = "<group>"; };
		1222980D2B0C461F002771CF /* MainView.swift */ = {isa = PBXFileReference; lastKnownFileType = sourcecode.swift; path = MainView.swift; sourceTree = "<group>"; };
		1222CE5F2AEA22C9003D3DB7 /* Son of Mom's Friend.app */ = {isa = PBXFileReference; explicitFileType = wrapper.application; includeInIndex = 0; path = "Son of Mom's Friend.app"; sourceTree = BUILT_PRODUCTS_DIR; };
		1222CE622AEA22C9003D3DB7 /* AppDelegate.swift */ = {isa = PBXFileReference; lastKnownFileType = sourcecode.swift; path = AppDelegate.swift; sourceTree = "<group>"; };
		1222CE6B2AEA22CA003D3DB7 /* Assets.xcassets */ = {isa = PBXFileReference; lastKnownFileType = folder.assetcatalog; path = Assets.xcassets; sourceTree = "<group>"; };
		1222CE6E2AEA22CA003D3DB7 /* Base */ = {isa = PBXFileReference; lastKnownFileType = file.storyboard; name = Base; path = Base.lproj/LaunchScreen.storyboard; sourceTree = "<group>"; };
		1222CE702AEA22CA003D3DB7 /* Info.plist */ = {isa = PBXFileReference; lastKnownFileType = text.plist.xml; path = Info.plist; sourceTree = "<group>"; };
		1222CE782AEA5605003D3DB7 /* Celebrity.swift */ = {isa = PBXFileReference; lastKnownFileType = sourcecode.swift; path = Celebrity.swift; sourceTree = "<group>"; };
		1222CE7A2AEA5A3E003D3DB7 /* User.swift */ = {isa = PBXFileReference; lastKnownFileType = sourcecode.swift; path = User.swift; sourceTree = "<group>"; };
		1222CE7C2AEA6011003D3DB7 /* Achievement.swift */ = {isa = PBXFileReference; lastKnownFileType = sourcecode.swift; path = Achievement.swift; sourceTree = "<group>"; };
		1222CE822AF1F4BF003D3DB7 /* UserManager.swift */ = {isa = PBXFileReference; lastKnownFileType = sourcecode.swift; path = UserManager.swift; sourceTree = "<group>"; };
		1222CE842AF1F4C6003D3DB7 /* CelebrityManager.swift */ = {isa = PBXFileReference; lastKnownFileType = sourcecode.swift; path = CelebrityManager.swift; sourceTree = "<group>"; };
		1222CE862AF1F4D2003D3DB7 /* AchievementManager.swift */ = {isa = PBXFileReference; lastKnownFileType = sourcecode.swift; path = AchievementManager.swift; sourceTree = "<group>"; };
		1222CE902AFB47B7003D3DB7 /* SplashViewController.swift */ = {isa = PBXFileReference; lastKnownFileType = sourcecode.swift; path = SplashViewController.swift; sourceTree = "<group>"; };
		1275D0C92AFDC849009F622E /* Achievement.json */ = {isa = PBXFileReference; fileEncoding = 4; lastKnownFileType = text.json; path = Achievement.json; sourceTree = "<group>"; };
		1275D0CA2AFDC849009F622E /* Celebrity.json */ = {isa = PBXFileReference; fileEncoding = 4; lastKnownFileType = text.json; path = Celebrity.json; sourceTree = "<group>"; };
		1275D0CD2B01C6E7009F622E /* BirthdateRequestViewController.swift */ = {isa = PBXFileReference; lastKnownFileType = sourcecode.swift; path = BirthdateRequestViewController.swift; sourceTree = "<group>"; };
		12F375592B32740D0020F993 /* CelebrityResponse.swift */ = {isa = PBXFileReference; lastKnownFileType = sourcecode.swift; path = CelebrityResponse.swift; sourceTree = "<group>"; };
		12F3755B2B3277540020F993 /* AchievementResponse.swift */ = {isa = PBXFileReference; lastKnownFileType = sourcecode.swift; path = AchievementResponse.swift; sourceTree = "<group>"; };
		12F3755D2B32C9590020F993 /* MainTableSection.swift */ = {isa = PBXFileReference; lastKnownFileType = sourcecode.swift; path = MainTableSection.swift; sourceTree = "<group>"; };
		12F8B1652B1EC32700845A74 /* MainTableView.swift */ = {isa = PBXFileReference; lastKnownFileType = sourcecode.swift; path = MainTableView.swift; sourceTree = "<group>"; };
		12F8B1682B1ECADF00845A74 /* CelebrityBirthdayDateCell.swift */ = {isa = PBXFileReference; lastKnownFileType = sourcecode.swift; path = CelebrityBirthdayDateCell.swift; sourceTree = "<group>"; };
		12F8B16B2B1ECB0000845A74 /* AchievementDetailsCell.swift */ = {isa = PBXFileReference; lastKnownFileType = sourcecode.swift; path = AchievementDetailsCell.swift; sourceTree = "<group>"; };
		12F8B16D2B1ECB7E00845A74 /* MainTableElement.swift */ = {isa = PBXFileReference; lastKnownFileType = sourcecode.swift; path = MainTableElement.swift; sourceTree = "<group>"; };
		12F8B16F2B1EEA8000845A74 /* MainViewModel.swift */ = {isa = PBXFileReference; lastKnownFileType = sourcecode.swift; path = MainViewModel.swift; sourceTree = "<group>"; };
		12FF6E792B3BC388002A3F0A /* InfoView.swift */ = {isa = PBXFileReference; lastKnownFileType = sourcecode.swift; path = InfoView.swift; sourceTree = "<group>"; };
		12FF6E7B2B3BC3A3002A3F0A /* InfoViewCountroller.swift */ = {isa = PBXFileReference; lastKnownFileType = sourcecode.swift; path = InfoViewCountroller.swift; sourceTree = "<group>"; };
		12FF6E9F2B4692DF002A3F0A /* InfoElement.swift */ = {isa = PBXFileReference; lastKnownFileType = sourcecode.swift; path = InfoElement.swift; sourceTree = "<group>"; };
		12FF6EA12B4695A0002A3F0A /* InfoViewModel.swift */ = {isa = PBXFileReference; lastKnownFileType = sourcecode.swift; path = InfoViewModel.swift; sourceTree = "<group>"; };
		12FF6EA32B4962FA002A3F0A /* InfoTableView.swift */ = {isa = PBXFileReference; lastKnownFileType = sourcecode.swift; path = InfoTableView.swift; sourceTree = "<group>"; };
		12FF6EA62B496333002A3F0A /* InfoTableViewCell.swift */ = {isa = PBXFileReference; lastKnownFileType = sourcecode.swift; path = InfoTableViewCell.swift; sourceTree = "<group>"; };
		DE3635B72AFD40FE00B42FA2 /* SplashViewModel.swift */ = {isa = PBXFileReference; lastKnownFileType = sourcecode.swift; path = SplashViewModel.swift; sourceTree = "<group>"; };
		DE3635B92AFD410500B42FA2 /* SplashView.swift */ = {isa = PBXFileReference; lastKnownFileType = sourcecode.swift; path = SplashView.swift; sourceTree = "<group>"; };
		DE3635BE2AFD415A00B42FA2 /* en */ = {isa = PBXFileReference; lastKnownFileType = text.plist.strings; name = en; path = en.lproj/Localizable.strings; sourceTree = "<group>"; };
		DE3635C12AFD421800B42FA2 /* GradientView.swift */ = {isa = PBXFileReference; lastKnownFileType = sourcecode.swift; path = GradientView.swift; sourceTree = "<group>"; };
		DE3635C42AFD424400B42FA2 /* UIColor+Extension.swift */ = {isa = PBXFileReference; lastKnownFileType = sourcecode.swift; path = "UIColor+Extension.swift"; sourceTree = "<group>"; };
		DE3635C62AFD426D00B42FA2 /* String+Extension.swift */ = {isa = PBXFileReference; lastKnownFileType = sourcecode.swift; path = "String+Extension.swift"; sourceTree = "<group>"; };
		DE3635C92AFD42AA00B42FA2 /* ScreenSize.swift */ = {isa = PBXFileReference; lastKnownFileType = sourcecode.swift; path = ScreenSize.swift; sourceTree = "<group>"; };
		DE3635CB2AFD42C900B42FA2 /* Scalable.swift */ = {isa = PBXFileReference; lastKnownFileType = sourcecode.swift; path = Scalable.swift; sourceTree = "<group>"; };
		DE3635CD2AFD42DD00B42FA2 /* TextAttributes.swift */ = {isa = PBXFileReference; lastKnownFileType = sourcecode.swift; path = TextAttributes.swift; sourceTree = "<group>"; };
		DE3635D12AFD43F700B42FA2 /* Nunito-Bold.ttf */ = {isa = PBXFileReference; lastKnownFileType = file; path = "Nunito-Bold.ttf"; sourceTree = "<group>"; };
		DE3635D22AFD43FE00B42FA2 /* Nunito-Regular.ttf */ = {isa = PBXFileReference; lastKnownFileType = file; path = "Nunito-Regular.ttf"; sourceTree = "<group>"; };
		DE3635D32AFD440100B42FA2 /* Nunito-SemiBold.ttf */ = {isa = PBXFileReference; lastKnownFileType = file; path = "Nunito-SemiBold.ttf"; sourceTree = "<group>"; };
		DE3635D42AFD440A00B42FA2 /* Nunito-Medium.ttf */ = {isa = PBXFileReference; lastKnownFileType = file; path = "Nunito-Medium.ttf"; sourceTree = "<group>"; };
		DE3635D92AFD445F00B42FA2 /* Fonts.swift */ = {isa = PBXFileReference; lastKnownFileType = sourcecode.swift; path = Fonts.swift; sourceTree = "<group>"; };
/* End PBXFileReference section */

/* Begin PBXFrameworksBuildPhase section */
		1222CE5C2AEA22C9003D3DB7 /* Frameworks */ = {
			isa = PBXFrameworksBuildPhase;
			buildActionMask = 2147483647;
			files = (
			);
			runOnlyForDeploymentPostprocessing = 0;
		};
/* End PBXFrameworksBuildPhase section */

/* Begin PBXGroup section */
		122298052B05E03C002771CF /* BirthdateRequest */ = {
			isa = PBXGroup;
			children = (
				1275D0CD2B01C6E7009F622E /* BirthdateRequestViewController.swift */,
				122298062B05E4DB002771CF /* BirthdayView.swift */,
			);
			path = BirthdateRequest;
			sourceTree = "<group>";
		};
		1222980A2B0C45E7002771CF /* Main */ = {
			isa = PBXGroup;
			children = (
				1222980D2B0C461F002771CF /* MainView.swift */,
				1222980B2B0C4610002771CF /* MainViewCountroller.swift */,
				12F8B16F2B1EEA8000845A74 /* MainViewModel.swift */,
				12F8B1672B1ECA8500845A74 /* TableView */,
			);
			path = Main;
			sourceTree = "<group>";
		};
		1222CE562AEA22C8003D3DB7 = {
			isa = PBXGroup;
			children = (
				1222CE612AEA22C9003D3DB7 /* Son of Mom's Friend */,
				1222CE602AEA22C9003D3DB7 /* Products */,
			);
			sourceTree = "<group>";
		};
		1222CE602AEA22C9003D3DB7 /* Products */ = {
			isa = PBXGroup;
			children = (
				1222CE5F2AEA22C9003D3DB7 /* Son of Mom's Friend.app */,
			);
			name = Products;
			sourceTree = "<group>";
		};
		1222CE612AEA22C9003D3DB7 /* Son of Mom's Friend */ = {
			isa = PBXGroup;
			children = (
				DE3635B02AFD3C2D00B42FA2 /* Classes */,
				DE3635B12AFD3C3100B42FA2 /* Resource */,
			);
			path = "Son of Mom's Friend";
			sourceTree = "<group>";
		};
		1222CE762AEA55B8003D3DB7 /* Service */ = {
			isa = PBXGroup;
			children = (
				12F375582B3273E80020F993 /* Mappers */,
				DE3635B42AFD3D5F00B42FA2 /* Celebrity */,
				DE3635B22AFD3D4B00B42FA2 /* User */,
				1222CE772AEA55CF003D3DB7 /* Achievement */,
			);
			path = Service;
			sourceTree = "<group>";
		};
		1222CE772AEA55CF003D3DB7 /* Achievement */ = {
			isa = PBXGroup;
			children = (
				DE3635B62AFD3D7E00B42FA2 /* Model */,
				1222CE862AF1F4D2003D3DB7 /* AchievementManager.swift */,
			);
			path = Achievement;
			sourceTree = "<group>";
		};
		1222CE8F2AFB4781003D3DB7 /* Presentation */ = {
			isa = PBXGroup;
			children = (
				1222CE922AFB487A003D3DB7 /* Splash */,
				1222980A2B0C45E7002771CF /* Main */,
				12FF6E782B3BC359002A3F0A /* Info */,
			);
			path = Presentation;
			sourceTree = "<group>";
		};
		1222CE922AFB487A003D3DB7 /* Splash */ = {
			isa = PBXGroup;
			children = (
				DE3635DB2AFD45CB00B42FA2 /* Splash */,
				122298052B05E03C002771CF /* BirthdateRequest */,
			);
			path = Splash;
			sourceTree = "<group>";
		};
		12F375582B3273E80020F993 /* Mappers */ = {
			isa = PBXGroup;
			children = (
				12F375592B32740D0020F993 /* CelebrityResponse.swift */,
				12F3755B2B3277540020F993 /* AchievementResponse.swift */,
			);
			path = Mappers;
			sourceTree = "<group>";
		};
		12F8B1672B1ECA8500845A74 /* TableView */ = {
			isa = PBXGroup;
			children = (
				12F8B1652B1EC32700845A74 /* MainTableView.swift */,
				12F3755D2B32C9590020F993 /* MainTableSection.swift */,
				12F8B16D2B1ECB7E00845A74 /* MainTableElement.swift */,
				12F8B16A2B1ECAE300845A74 /* Cells */,
			);
			path = TableView;
			sourceTree = "<group>";
		};
		12F8B16A2B1ECAE300845A74 /* Cells */ = {
			isa = PBXGroup;
			children = (
				12F8B1682B1ECADF00845A74 /* CelebrityBirthdayDateCell.swift */,
				12F8B16B2B1ECB0000845A74 /* AchievementDetailsCell.swift */,
			);
			path = Cells;
			sourceTree = "<group>";
		};
		12FF6E782B3BC359002A3F0A /* Info */ = {
			isa = PBXGroup;
			children = (
				12FF6E792B3BC388002A3F0A /* InfoView.swift */,
				12FF6E7B2B3BC3A3002A3F0A /* InfoViewCountroller.swift */,
				12FF6EA12B4695A0002A3F0A /* InfoViewModel.swift */,
				12FF6EA52B4962FF002A3F0A /* TableView */,
			);
			path = Info;
			sourceTree = "<group>";
		};
		12FF6EA52B4962FF002A3F0A /* TableView */ = {
			isa = PBXGroup;
			children = (
				12FF6EA32B4962FA002A3F0A /* InfoTableView.swift */,
				12FF6E9F2B4692DF002A3F0A /* InfoElement.swift */,
				12FF6EA82B4BA6A2002A3F0A /* Cell */,
			);
			path = TableView;
			sourceTree = "<group>";
		};
		12FF6EA82B4BA6A2002A3F0A /* Cell */ = {
			isa = PBXGroup;
			children = (
				12FF6EA62B496333002A3F0A /* InfoTableViewCell.swift */,
			);
			path = Cell;
			sourceTree = "<group>";
		};
		DE3635AF2AFD3C2300B42FA2 /* Misc */ = {
			isa = PBXGroup;
			children = (
				DE3635C82AFD42A000B42FA2 /* Utils */,
				DE3635C32AFD423300B42FA2 /* Extension */,
				DE3635C02AFD420D00B42FA2 /* CustomView */,
				1222CE622AEA22C9003D3DB7 /* AppDelegate.swift */,
			);
			path = Misc;
			sourceTree = "<group>";
		};
		DE3635B02AFD3C2D00B42FA2 /* Classes */ = {
			isa = PBXGroup;
			children = (
				DE3635AF2AFD3C2300B42FA2 /* Misc */,
				1222CE762AEA55B8003D3DB7 /* Service */,
				1222CE8F2AFB4781003D3DB7 /* Presentation */,
			);
			path = Classes;
			sourceTree = "<group>";
		};
		DE3635B12AFD3C3100B42FA2 /* Resource */ = {
			isa = PBXGroup;
			children = (
				DE3635CF2AFD439C00B42FA2 /* Fonts */,
				1222CE6B2AEA22CA003D3DB7 /* Assets.xcassets */,
				1222CE6D2AEA22CA003D3DB7 /* LaunchScreen.storyboard */,
				1222CE702AEA22CA003D3DB7 /* Info.plist */,
				DE3635BF2AFD415A00B42FA2 /* Localizable.strings */,
				1275D0CA2AFDC849009F622E /* Celebrity.json */,
				1275D0C92AFDC849009F622E /* Achievement.json */,
			);
			path = Resource;
			sourceTree = "<group>";
		};
		DE3635B22AFD3D4B00B42FA2 /* User */ = {
			isa = PBXGroup;
			children = (
				DE3635B32AFD3D5300B42FA2 /* Model */,
				1222CE822AF1F4BF003D3DB7 /* UserManager.swift */,
			);
			path = User;
			sourceTree = "<group>";
		};
		DE3635B32AFD3D5300B42FA2 /* Model */ = {
			isa = PBXGroup;
			children = (
				1222CE7A2AEA5A3E003D3DB7 /* User.swift */,
			);
			path = Model;
			sourceTree = "<group>";
		};
		DE3635B42AFD3D5F00B42FA2 /* Celebrity */ = {
			isa = PBXGroup;
			children = (
				DE3635B52AFD3D6500B42FA2 /* Model */,
				1222CE842AF1F4C6003D3DB7 /* CelebrityManager.swift */,
			);
			path = Celebrity;
			sourceTree = "<group>";
		};
		DE3635B52AFD3D6500B42FA2 /* Model */ = {
			isa = PBXGroup;
			children = (
				1222CE782AEA5605003D3DB7 /* Celebrity.swift */,
			);
			path = Model;
			sourceTree = "<group>";
		};
		DE3635B62AFD3D7E00B42FA2 /* Model */ = {
			isa = PBXGroup;
			children = (
				1222CE7C2AEA6011003D3DB7 /* Achievement.swift */,
			);
			path = Model;
			sourceTree = "<group>";
		};
		DE3635C02AFD420D00B42FA2 /* CustomView */ = {
			isa = PBXGroup;
			children = (
				DE3635C12AFD421800B42FA2 /* GradientView.swift */,
			);
			path = CustomView;
			sourceTree = "<group>";
		};
		DE3635C32AFD423300B42FA2 /* Extension */ = {
			isa = PBXGroup;
			children = (
				DE3635C42AFD424400B42FA2 /* UIColor+Extension.swift */,
				DE3635C62AFD426D00B42FA2 /* String+Extension.swift */,
			);
			path = Extension;
			sourceTree = "<group>";
		};
		DE3635C82AFD42A000B42FA2 /* Utils */ = {
			isa = PBXGroup;
			children = (
				DE3635C92AFD42AA00B42FA2 /* ScreenSize.swift */,
				DE3635CB2AFD42C900B42FA2 /* Scalable.swift */,
				DE3635CD2AFD42DD00B42FA2 /* TextAttributes.swift */,
				DE3635D92AFD445F00B42FA2 /* Fonts.swift */,
			);
			path = Utils;
			sourceTree = "<group>";
		};
		DE3635CF2AFD439C00B42FA2 /* Fonts */ = {
			isa = PBXGroup;
			children = (
				DE3635D02AFD43EF00B42FA2 /* Nunito */,
			);
			path = Fonts;
			sourceTree = "<group>";
		};
		DE3635D02AFD43EF00B42FA2 /* Nunito */ = {
			isa = PBXGroup;
			children = (
				DE3635D42AFD440A00B42FA2 /* Nunito-Medium.ttf */,
				DE3635D32AFD440100B42FA2 /* Nunito-SemiBold.ttf */,
				DE3635D22AFD43FE00B42FA2 /* Nunito-Regular.ttf */,
				DE3635D12AFD43F700B42FA2 /* Nunito-Bold.ttf */,
			);
			path = Nunito;
			sourceTree = "<group>";
		};
		DE3635DB2AFD45CB00B42FA2 /* Splash */ = {
			isa = PBXGroup;
			children = (
				1222CE902AFB47B7003D3DB7 /* SplashViewController.swift */,
				DE3635B72AFD40FE00B42FA2 /* SplashViewModel.swift */,
				DE3635B92AFD410500B42FA2 /* SplashView.swift */,
			);
			path = Splash;
			sourceTree = "<group>";
		};
/* End PBXGroup section */

/* Begin PBXNativeTarget section */
		1222CE5E2AEA22C9003D3DB7 /* Son of Mom's Friend */ = {
			isa = PBXNativeTarget;
			buildConfigurationList = 1222CE732AEA22CA003D3DB7 /* Build configuration list for PBXNativeTarget "Son of Mom's Friend" */;
			buildPhases = (
				1222CE5B2AEA22C9003D3DB7 /* Sources */,
				1222CE5C2AEA22C9003D3DB7 /* Frameworks */,
				1222CE5D2AEA22C9003D3DB7 /* Resources */,
			);
			buildRules = (
			);
			dependencies = (
			);
			name = "Son of Mom's Friend";
			packageProductDependencies = (
			);
			productName = "Son of Mom's Friend";
			productReference = 1222CE5F2AEA22C9003D3DB7 /* Son of Mom's Friend.app */;
			productType = "com.apple.product-type.application";
		};
/* End PBXNativeTarget section */

/* Begin PBXProject section */
		1222CE572AEA22C8003D3DB7 /* Project object */ = {
			isa = PBXProject;
			attributes = {
				BuildIndependentTargetsInParallel = 1;
				LastSwiftUpdateCheck = 1500;
				LastUpgradeCheck = 1500;
				TargetAttributes = {
					1222CE5E2AEA22C9003D3DB7 = {
						CreatedOnToolsVersion = 15.0.1;
					};
				};
			};
			buildConfigurationList = 1222CE5A2AEA22C8003D3DB7 /* Build configuration list for PBXProject "Son of Mom's Friend" */;
			compatibilityVersion = "Xcode 14.0";
			developmentRegion = en;
			hasScannedForEncodings = 0;
			knownRegions = (
				en,
				Base,
			);
			mainGroup = 1222CE562AEA22C8003D3DB7;
			packageReferences = (
			);
			productRefGroup = 1222CE602AEA22C9003D3DB7 /* Products */;
			projectDirPath = "";
			projectRoot = "";
			targets = (
				1222CE5E2AEA22C9003D3DB7 /* Son of Mom's Friend */,
			);
		};
/* End PBXProject section */

/* Begin PBXResourcesBuildPhase section */
		1222CE5D2AEA22C9003D3DB7 /* Resources */ = {
			isa = PBXResourcesBuildPhase;
			buildActionMask = 2147483647;
			files = (
				DE3635D52AFD442500B42FA2 /* Nunito-Medium.ttf in Resources */,
				1275D0CB2AFDC849009F622E /* Achievement.json in Resources */,
				DE3635D62AFD442500B42FA2 /* Nunito-SemiBold.ttf in Resources */,
				DE3635D72AFD442500B42FA2 /* Nunito-Regular.ttf in Resources */,
				DE3635D82AFD442500B42FA2 /* Nunito-Bold.ttf in Resources */,
				1275D0CC2AFDC849009F622E /* Celebrity.json in Resources */,
				1222CE6F2AEA22CA003D3DB7 /* LaunchScreen.storyboard in Resources */,
				DE3635BD2AFD415A00B42FA2 /* Localizable.strings in Resources */,
				1222CE6C2AEA22CA003D3DB7 /* Assets.xcassets in Resources */,
			);
			runOnlyForDeploymentPostprocessing = 0;
		};
/* End PBXResourcesBuildPhase section */

/* Begin PBXSourcesBuildPhase section */
		1222CE5B2AEA22C9003D3DB7 /* Sources */ = {
			isa = PBXSourcesBuildPhase;
			buildActionMask = 2147483647;
			files = (
				1222CE632AEA22C9003D3DB7 /* AppDelegate.swift in Sources */,
				122298072B05E4DB002771CF /* BirthdayView.swift in Sources */,
				1222CE872AF1F4D2003D3DB7 /* AchievementManager.swift in Sources */,
				DE3635C22AFD421800B42FA2 /* GradientView.swift in Sources */,
				1275D0CE2B01C6E7009F622E /* BirthdateRequestViewController.swift in Sources */,
				12FF6EA42B4962FA002A3F0A /* InfoTableView.swift in Sources */,
				12F8B1702B1EEA8000845A74 /* MainViewModel.swift in Sources */,
				1222980C2B0C4610002771CF /* MainViewCountroller.swift in Sources */,
				12FF6E7C2B3BC3A3002A3F0A /* InfoViewCountroller.swift in Sources */,
				DE3635C52AFD424400B42FA2 /* UIColor+Extension.swift in Sources */,
				1222980E2B0C461F002771CF /* MainView.swift in Sources */,
				12F8B16C2B1ECB0000845A74 /* AchievementDetailsCell.swift in Sources */,
				DE3635CA2AFD42AA00B42FA2 /* ScreenSize.swift in Sources */,
				12F8B1662B1EC32700845A74 /* MainTableView.swift in Sources */,
				12F8B1692B1ECADF00845A74 /* CelebrityBirthdayDateCell.swift in Sources */,
				12F3755A2B32740D0020F993 /* CelebrityResponse.swift in Sources */,
				1222CE832AF1F4BF003D3DB7 /* UserManager.swift in Sources */,
				DE3635B82AFD40FE00B42FA2 /* SplashViewModel.swift in Sources */,
				12F3755C2B3277540020F993 /* AchievementResponse.swift in Sources */,
				DE3635DA2AFD445F00B42FA2 /* Fonts.swift in Sources */,
				12F8B16E2B1ECB7E00845A74 /* MainTableElement.swift in Sources */,
				DE3635CC2AFD42C900B42FA2 /* Scalable.swift in Sources */,
				DE3635C72AFD426D00B42FA2 /* String+Extension.swift in Sources */,
				1222CE912AFB47B7003D3DB7 /* SplashViewController.swift in Sources */,
				12FF6EA72B496333002A3F0A /* InfoTableViewCell.swift in Sources */,
				1222CE7B2AEA5A3E003D3DB7 /* User.swift in Sources */,
				DE3635CE2AFD42DD00B42FA2 /* TextAttributes.swift in Sources */,
				1222CE792AEA5605003D3DB7 /* Celebrity.swift in Sources */,
				12F3755E2B32C9590020F993 /* MainTableSection.swift in Sources */,
				DE3635BA2AFD410500B42FA2 /* SplashView.swift in Sources */,
				1222CE7D2AEA6011003D3DB7 /* Achievement.swift in Sources */,
				12FF6EA02B4692DF002A3F0A /* InfoElement.swift in Sources */,
				12FF6E7A2B3BC388002A3F0A /* InfoView.swift in Sources */,
				1222CE852AF1F4C6003D3DB7 /* CelebrityManager.swift in Sources */,
				12FF6EA22B4695A0002A3F0A /* InfoViewModel.swift in Sources */,
			);
			runOnlyForDeploymentPostprocessing = 0;
		};
/* End PBXSourcesBuildPhase section */

/* Begin PBXVariantGroup section */
		1222CE6D2AEA22CA003D3DB7 /* LaunchScreen.storyboard */ = {
			isa = PBXVariantGroup;
			children = (
				1222CE6E2AEA22CA003D3DB7 /* Base */,
			);
			name = LaunchScreen.storyboard;
			sourceTree = "<group>";
		};
		DE3635BF2AFD415A00B42FA2 /* Localizable.strings */ = {
			isa = PBXVariantGroup;
			children = (
				DE3635BE2AFD415A00B42FA2 /* en */,
			);
			name = Localizable.strings;
			sourceTree = "<group>";
		};
/* End PBXVariantGroup section */

/* Begin XCBuildConfiguration section */
		1222CE712AEA22CA003D3DB7 /* Debug */ = {
			isa = XCBuildConfiguration;
			buildSettings = {
				ALWAYS_SEARCH_USER_PATHS = NO;
				ASSETCATALOG_COMPILER_GENERATE_SWIFT_ASSET_SYMBOL_EXTENSIONS = YES;
				CLANG_ANALYZER_NONNULL = YES;
				CLANG_ANALYZER_NUMBER_OBJECT_CONVERSION = YES_AGGRESSIVE;
				CLANG_CXX_LANGUAGE_STANDARD = "gnu++20";
				CLANG_ENABLE_MODULES = YES;
				CLANG_ENABLE_OBJC_ARC = YES;
				CLANG_ENABLE_OBJC_WEAK = YES;
				CLANG_WARN_BLOCK_CAPTURE_AUTORELEASING = YES;
				CLANG_WARN_BOOL_CONVERSION = YES;
				CLANG_WARN_COMMA = YES;
				CLANG_WARN_CONSTANT_CONVERSION = YES;
				CLANG_WARN_DEPRECATED_OBJC_IMPLEMENTATIONS = YES;
				CLANG_WARN_DIRECT_OBJC_ISA_USAGE = YES_ERROR;
				CLANG_WARN_DOCUMENTATION_COMMENTS = YES;
				CLANG_WARN_EMPTY_BODY = YES;
				CLANG_WARN_ENUM_CONVERSION = YES;
				CLANG_WARN_INFINITE_RECURSION = YES;
				CLANG_WARN_INT_CONVERSION = YES;
				CLANG_WARN_NON_LITERAL_NULL_CONVERSION = YES;
				CLANG_WARN_OBJC_IMPLICIT_RETAIN_SELF = YES;
				CLANG_WARN_OBJC_LITERAL_CONVERSION = YES;
				CLANG_WARN_OBJC_ROOT_CLASS = YES_ERROR;
				CLANG_WARN_QUOTED_INCLUDE_IN_FRAMEWORK_HEADER = YES;
				CLANG_WARN_RANGE_LOOP_ANALYSIS = YES;
				CLANG_WARN_STRICT_PROTOTYPES = YES;
				CLANG_WARN_SUSPICIOUS_MOVE = YES;
				CLANG_WARN_UNGUARDED_AVAILABILITY = YES_AGGRESSIVE;
				CLANG_WARN_UNREACHABLE_CODE = YES;
				CLANG_WARN__DUPLICATE_METHOD_MATCH = YES;
				COPY_PHASE_STRIP = NO;
				DEBUG_INFORMATION_FORMAT = dwarf;
				ENABLE_STRICT_OBJC_MSGSEND = YES;
				ENABLE_TESTABILITY = YES;
				ENABLE_USER_SCRIPT_SANDBOXING = YES;
				GCC_C_LANGUAGE_STANDARD = gnu17;
				GCC_DYNAMIC_NO_PIC = NO;
				GCC_NO_COMMON_BLOCKS = YES;
				GCC_OPTIMIZATION_LEVEL = 0;
				GCC_PREPROCESSOR_DEFINITIONS = (
					"DEBUG=1",
					"$(inherited)",
				);
				GCC_WARN_64_TO_32_BIT_CONVERSION = YES;
				GCC_WARN_ABOUT_RETURN_TYPE = YES_ERROR;
				GCC_WARN_UNDECLARED_SELECTOR = YES;
				GCC_WARN_UNINITIALIZED_AUTOS = YES_AGGRESSIVE;
				GCC_WARN_UNUSED_FUNCTION = YES;
				GCC_WARN_UNUSED_VARIABLE = YES;
				IPHONEOS_DEPLOYMENT_TARGET = 17.0;
				LOCALIZATION_PREFERS_STRING_CATALOGS = YES;
				MTL_ENABLE_DEBUG_INFO = INCLUDE_SOURCE;
				MTL_FAST_MATH = YES;
				ONLY_ACTIVE_ARCH = YES;
				SDKROOT = iphoneos;
				SWIFT_ACTIVE_COMPILATION_CONDITIONS = "DEBUG $(inherited)";
				SWIFT_OPTIMIZATION_LEVEL = "-Onone";
			};
			name = Debug;
		};
		1222CE722AEA22CA003D3DB7 /* Release */ = {
			isa = XCBuildConfiguration;
			buildSettings = {
				ALWAYS_SEARCH_USER_PATHS = NO;
				ASSETCATALOG_COMPILER_GENERATE_SWIFT_ASSET_SYMBOL_EXTENSIONS = YES;
				CLANG_ANALYZER_NONNULL = YES;
				CLANG_ANALYZER_NUMBER_OBJECT_CONVERSION = YES_AGGRESSIVE;
				CLANG_CXX_LANGUAGE_STANDARD = "gnu++20";
				CLANG_ENABLE_MODULES = YES;
				CLANG_ENABLE_OBJC_ARC = YES;
				CLANG_ENABLE_OBJC_WEAK = YES;
				CLANG_WARN_BLOCK_CAPTURE_AUTORELEASING = YES;
				CLANG_WARN_BOOL_CONVERSION = YES;
				CLANG_WARN_COMMA = YES;
				CLANG_WARN_CONSTANT_CONVERSION = YES;
				CLANG_WARN_DEPRECATED_OBJC_IMPLEMENTATIONS = YES;
				CLANG_WARN_DIRECT_OBJC_ISA_USAGE = YES_ERROR;
				CLANG_WARN_DOCUMENTATION_COMMENTS = YES;
				CLANG_WARN_EMPTY_BODY = YES;
				CLANG_WARN_ENUM_CONVERSION = YES;
				CLANG_WARN_INFINITE_RECURSION = YES;
				CLANG_WARN_INT_CONVERSION = YES;
				CLANG_WARN_NON_LITERAL_NULL_CONVERSION = YES;
				CLANG_WARN_OBJC_IMPLICIT_RETAIN_SELF = YES;
				CLANG_WARN_OBJC_LITERAL_CONVERSION = YES;
				CLANG_WARN_OBJC_ROOT_CLASS = YES_ERROR;
				CLANG_WARN_QUOTED_INCLUDE_IN_FRAMEWORK_HEADER = YES;
				CLANG_WARN_RANGE_LOOP_ANALYSIS = YES;
				CLANG_WARN_STRICT_PROTOTYPES = YES;
				CLANG_WARN_SUSPICIOUS_MOVE = YES;
				CLANG_WARN_UNGUARDED_AVAILABILITY = YES_AGGRESSIVE;
				CLANG_WARN_UNREACHABLE_CODE = YES;
				CLANG_WARN__DUPLICATE_METHOD_MATCH = YES;
				COPY_PHASE_STRIP = NO;
				DEBUG_INFORMATION_FORMAT = "dwarf-with-dsym";
				ENABLE_NS_ASSERTIONS = NO;
				ENABLE_STRICT_OBJC_MSGSEND = YES;
				ENABLE_USER_SCRIPT_SANDBOXING = YES;
				GCC_C_LANGUAGE_STANDARD = gnu17;
				GCC_NO_COMMON_BLOCKS = YES;
				GCC_WARN_64_TO_32_BIT_CONVERSION = YES;
				GCC_WARN_ABOUT_RETURN_TYPE = YES_ERROR;
				GCC_WARN_UNDECLARED_SELECTOR = YES;
				GCC_WARN_UNINITIALIZED_AUTOS = YES_AGGRESSIVE;
				GCC_WARN_UNUSED_FUNCTION = YES;
				GCC_WARN_UNUSED_VARIABLE = YES;
				IPHONEOS_DEPLOYMENT_TARGET = 17.0;
				LOCALIZATION_PREFERS_STRING_CATALOGS = YES;
				MTL_ENABLE_DEBUG_INFO = NO;
				MTL_FAST_MATH = YES;
				SDKROOT = iphoneos;
				SWIFT_COMPILATION_MODE = wholemodule;
				VALIDATE_PRODUCT = YES;
			};
			name = Release;
		};
		1222CE742AEA22CA003D3DB7 /* Debug */ = {
			isa = XCBuildConfiguration;
			buildSettings = {
				ASSETCATALOG_COMPILER_APPICON_NAME = AppIcon;
				ASSETCATALOG_COMPILER_GLOBAL_ACCENT_COLOR_NAME = AccentColor;
				CODE_SIGN_STYLE = Automatic;
				CURRENT_PROJECT_VERSION = 1;
				DEVELOPMENT_TEAM = D23Z5VP235;
				GENERATE_INFOPLIST_FILE = YES;
				INFOPLIST_FILE = "Son of Mom's Friend/Info.plist";
				INFOPLIST_KEY_UIApplicationSupportsIndirectInputEvents = YES;
				INFOPLIST_KEY_UILaunchStoryboardName = LaunchScreen;
				INFOPLIST_KEY_UISupportedInterfaceOrientations = UIInterfaceOrientationPortrait;
				INFOPLIST_KEY_UISupportedInterfaceOrientations_iPad = "UIInterfaceOrientationLandscapeLeft UIInterfaceOrientationLandscapeRight UIInterfaceOrientationPortrait UIInterfaceOrientationPortraitUpsideDown";
				IPHONEOS_DEPLOYMENT_TARGET = 15.0;
				LD_RUNPATH_SEARCH_PATHS = (
					"$(inherited)",
					"@executable_path/Frameworks",
				);
				MARKETING_VERSION = 1.0.0;
				PRODUCT_BUNDLE_IDENTIFIER = "Artem.Son-of-Mom-s-Friend";
				PRODUCT_NAME = "$(TARGET_NAME)";
				SUPPORTED_PLATFORMS = "iphoneos iphonesimulator";
				SUPPORTS_MACCATALYST = NO;
				SUPPORTS_MAC_DESIGNED_FOR_IPHONE_IPAD = NO;
				SWIFT_EMIT_LOC_STRINGS = YES;
				SWIFT_VERSION = 5.0;
				TARGETED_DEVICE_FAMILY = 1;
			};
			name = Debug;
		};
		1222CE752AEA22CA003D3DB7 /* Release */ = {
			isa = XCBuildConfiguration;
			buildSettings = {
				ASSETCATALOG_COMPILER_APPICON_NAME = AppIcon;
				ASSETCATALOG_COMPILER_GLOBAL_ACCENT_COLOR_NAME = AccentColor;
				CODE_SIGN_STYLE = Automatic;
				CURRENT_PROJECT_VERSION = 1;
				DEVELOPMENT_TEAM = D23Z5VP235;
				GENERATE_INFOPLIST_FILE = YES;
				INFOPLIST_FILE = "Son of Mom's Friend/Info.plist";
				INFOPLIST_KEY_UIApplicationSupportsIndirectInputEvents = YES;
				INFOPLIST_KEY_UILaunchStoryboardName = LaunchScreen;
				INFOPLIST_KEY_UISupportedInterfaceOrientations = UIInterfaceOrientationPortrait;
				INFOPLIST_KEY_UISupportedInterfaceOrientations_iPad = "UIInterfaceOrientationLandscapeLeft UIInterfaceOrientationLandscapeRight UIInterfaceOrientationPortrait UIInterfaceOrientationPortraitUpsideDown";
				IPHONEOS_DEPLOYMENT_TARGET = 15.0;
				LD_RUNPATH_SEARCH_PATHS = (
					"$(inherited)",
					"@executable_path/Frameworks",
				);
				MARKETING_VERSION = 1.0.0;
				PRODUCT_BUNDLE_IDENTIFIER = "Artem.Son-of-Mom-s-Friend";
				PRODUCT_NAME = "$(TARGET_NAME)";
				SUPPORTED_PLATFORMS = "iphoneos iphonesimulator";
				SUPPORTS_MACCATALYST = NO;
				SUPPORTS_MAC_DESIGNED_FOR_IPHONE_IPAD = NO;
				SWIFT_EMIT_LOC_STRINGS = YES;
				SWIFT_VERSION = 5.0;
				TARGETED_DEVICE_FAMILY = 1;
			};
			name = Release;
		};
/* End XCBuildConfiguration section */

/* Begin XCConfigurationList section */
		1222CE5A2AEA22C8003D3DB7 /* Build configuration list for PBXProject "Son of Mom's Friend" */ = {
			isa = XCConfigurationList;
			buildConfigurations = (
				1222CE712AEA22CA003D3DB7 /* Debug */,
				1222CE722AEA22CA003D3DB7 /* Release */,
			);
			defaultConfigurationIsVisible = 0;
			defaultConfigurationName = Release;
		};
		1222CE732AEA22CA003D3DB7 /* Build configuration list for PBXNativeTarget "Son of Mom's Friend" */ = {
			isa = XCConfigurationList;
			buildConfigurations = (
				1222CE742AEA22CA003D3DB7 /* Debug */,
				1222CE752AEA22CA003D3DB7 /* Release */,
			);
			defaultConfigurationIsVisible = 0;
			defaultConfigurationName = Release;
		};
/* End XCConfigurationList section */
	};
	rootObject = 1222CE572AEA22C8003D3DB7 /* Project object */;
}
