// !$*UTF8*$!
{
	archiveVersion = 1;
	classes = {
	};
	objectVersion = 56;
	objects = {

/* Begin PBXBuildFile section */
		1222CE632AEA22C9003D3DB7 /* AppDelegate.swift in Sources */ = {isa = PBXBuildFile; fileRef = 1222CE622AEA22C9003D3DB7 /* AppDelegate.swift */; };
		1222CE652AEA22C9003D3DB7 /* SceneDelegate.swift in Sources */ = {isa = PBXBuildFile; fileRef = 1222CE642AEA22C9003D3DB7 /* SceneDelegate.swift */; };
		1222CE672AEA22C9003D3DB7 /* ViewController.swift in Sources */ = {isa = PBXBuildFile; fileRef = 1222CE662AEA22C9003D3DB7 /* ViewController.swift */; };
		1222CE6A2AEA22C9003D3DB7 /* Main.storyboard in Resources */ = {isa = PBXBuildFile; fileRef = 1222CE682AEA22C9003D3DB7 /* Main.storyboard */; };
		1222CE6C2AEA22CA003D3DB7 /* Assets.xcassets in Resources */ = {isa = PBXBuildFile; fileRef = 1222CE6B2AEA22CA003D3DB7 /* Assets.xcassets */; };
		1222CE6F2AEA22CA003D3DB7 /* LaunchScreen.storyboard in Resources */ = {isa = PBXBuildFile; fileRef = 1222CE6D2AEA22CA003D3DB7 /* LaunchScreen.storyboard */; };
		1222CE792AEA5605003D3DB7 /* Celebrity.swift in Sources */ = {isa = PBXBuildFile; fileRef = 1222CE782AEA5605003D3DB7 /* Celebrity.swift */; };
		1222CE7B2AEA5A3E003D3DB7 /* User.swift in Sources */ = {isa = PBXBuildFile; fileRef = 1222CE7A2AEA5A3E003D3DB7 /* User.swift */; };
		1222CE7D2AEA6011003D3DB7 /* Achievement.swift in Sources */ = {isa = PBXBuildFile; fileRef = 1222CE7C2AEA6011003D3DB7 /* Achievement.swift */; };
		1222CE832AF1F4BF003D3DB7 /* UserManager.swift in Sources */ = {isa = PBXBuildFile; fileRef = 1222CE822AF1F4BF003D3DB7 /* UserManager.swift */; };
		1222CE852AF1F4C6003D3DB7 /* CelebrityManager.swift in Sources */ = {isa = PBXBuildFile; fileRef = 1222CE842AF1F4C6003D3DB7 /* CelebrityManager.swift */; };
		1222CE872AF1F4D2003D3DB7 /* AchievementManager.swift in Sources */ = {isa = PBXBuildFile; fileRef = 1222CE862AF1F4D2003D3DB7 /* AchievementManager.swift */; };
		1222CE952AFB4AD9003D3DB7 /* Splash.swift in Sources */ = {isa = PBXBuildFile; fileRef = 1222CE942AFB4AD9003D3DB7 /* Splash.swift */; };
/* End PBXBuildFile section */

/* Begin PBXFileReference section */
		1222CE5F2AEA22C9003D3DB7 /* Son of Mom's Friend.app */ = {isa = PBXFileReference; explicitFileType = wrapper.application; includeInIndex = 0; path = "Son of Mom's Friend.app"; sourceTree = BUILT_PRODUCTS_DIR; };
		1222CE622AEA22C9003D3DB7 /* AppDelegate.swift */ = {isa = PBXFileReference; lastKnownFileType = sourcecode.swift; path = AppDelegate.swift; sourceTree = "<group>"; };
		1222CE642AEA22C9003D3DB7 /* SceneDelegate.swift */ = {isa = PBXFileReference; lastKnownFileType = sourcecode.swift; path = SceneDelegate.swift; sourceTree = "<group>"; };
		1222CE662AEA22C9003D3DB7 /* ViewController.swift */ = {isa = PBXFileReference; lastKnownFileType = sourcecode.swift; path = ViewController.swift; sourceTree = "<group>"; };
		1222CE692AEA22C9003D3DB7 /* Base */ = {isa = PBXFileReference; lastKnownFileType = file.storyboard; name = Base; path = Base.lproj/Main.storyboard; sourceTree = "<group>"; };
		1222CE6B2AEA22CA003D3DB7 /* Assets.xcassets */ = {isa = PBXFileReference; lastKnownFileType = folder.assetcatalog; path = Assets.xcassets; sourceTree = "<group>"; };
		1222CE6E2AEA22CA003D3DB7 /* Base */ = {isa = PBXFileReference; lastKnownFileType = file.storyboard; name = Base; path = Base.lproj/LaunchScreen.storyboard; sourceTree = "<group>"; };
		1222CE702AEA22CA003D3DB7 /* Info.plist */ = {isa = PBXFileReference; lastKnownFileType = text.plist.xml; path = Info.plist; sourceTree = "<group>"; };
		1222CE782AEA5605003D3DB7 /* Celebrity.swift */ = {isa = PBXFileReference; lastKnownFileType = sourcecode.swift; path = Celebrity.swift; sourceTree = "<group>"; };
		1222CE7A2AEA5A3E003D3DB7 /* User.swift */ = {isa = PBXFileReference; lastKnownFileType = sourcecode.swift; path = User.swift; sourceTree = "<group>"; };
		1222CE7C2AEA6011003D3DB7 /* Achievement.swift */ = {isa = PBXFileReference; lastKnownFileType = sourcecode.swift; path = Achievement.swift; sourceTree = "<group>"; };
		1222CE822AF1F4BF003D3DB7 /* UserManager.swift */ = {isa = PBXFileReference; lastKnownFileType = sourcecode.swift; path = UserManager.swift; sourceTree = "<group>"; };
		1222CE842AF1F4C6003D3DB7 /* CelebrityManager.swift */ = {isa = PBXFileReference; lastKnownFileType = sourcecode.swift; path = CelebrityManager.swift; sourceTree = "<group>"; };
		1222CE862AF1F4D2003D3DB7 /* AchievementManager.swift */ = {isa = PBXFileReference; lastKnownFileType = sourcecode.swift; path = AchievementManager.swift; sourceTree = "<group>"; };
		1222CE942AFB4AD9003D3DB7 /* Splash.swift */ = {isa = PBXFileReference; lastKnownFileType = sourcecode.swift; path = Splash.swift; sourceTree = "<group>"; };
/* End PBXFileReference section */

/* Begin PBXFrameworksBuildPhase section */
		1222CE5C2AEA22C9003D3DB7 /* Frameworks */ = {
			isa = PBXFrameworksBuildPhase;
			buildActionMask = 2147483647;
			files = (
			);
			runOnlyForDeploymentPostprocessing = 0;
		};
/* End PBXFrameworksBuildPhase section */

/* Begin PBXGroup section */
		1222CE562AEA22C8003D3DB7 = {
			isa = PBXGroup;
			children = (
				1222CE612AEA22C9003D3DB7 /* Son of Mom's Friend */,
				1222CE602AEA22C9003D3DB7 /* Products */,
			);
			sourceTree = "<group>";
		};
		1222CE602AEA22C9003D3DB7 /* Products */ = {
			isa = PBXGroup;
			children = (
				1222CE5F2AEA22C9003D3DB7 /* Son of Mom's Friend.app */,
			);
			name = Products;
			sourceTree = "<group>";
		};
		1222CE612AEA22C9003D3DB7 /* Son of Mom's Friend */ = {
			isa = PBXGroup;
			children = (
				1222CE762AEA55B8003D3DB7 /* Service */,
				1222CE682AEA22C9003D3DB7 /* Main.storyboard */,
				1222CE6B2AEA22CA003D3DB7 /* Assets.xcassets */,
				1222CE6D2AEA22CA003D3DB7 /* LaunchScreen.storyboard */,
				1222CE702AEA22CA003D3DB7 /* Info.plist */,
			);
			path = "Son of Mom's Friend";
			sourceTree = "<group>";
		};
		1222CE762AEA55B8003D3DB7 /* Service */ = {
			isa = PBXGroup;
			children = (
				1222CE932AFB4A54003D3DB7 /* Presentation */,
				1222CE622AEA22C9003D3DB7 /* AppDelegate.swift */,
				1222CE642AEA22C9003D3DB7 /* SceneDelegate.swift */,
				1222CE662AEA22C9003D3DB7 /* ViewController.swift */,
				1222CE772AEA55CF003D3DB7 /* Models */,
				1222CE822AF1F4BF003D3DB7 /* UserManager.swift */,
				1222CE842AF1F4C6003D3DB7 /* CelebrityManager.swift */,
				1222CE862AF1F4D2003D3DB7 /* AchievementManager.swift */,
			);
			path = Service;
			sourceTree = "<group>";
		};
		1222CE772AEA55CF003D3DB7 /* Models */ = {
			isa = PBXGroup;
			children = (
				1222CE782AEA5605003D3DB7 /* Celebrity.swift */,
				1222CE7C2AEA6011003D3DB7 /* Achievement.swift */,
				1222CE7A2AEA5A3E003D3DB7 /* User.swift */,
			);
			path = Models;
			sourceTree = "<group>";
		};
		1222CE932AFB4A54003D3DB7 /* Presentation */ = {
			isa = PBXGroup;
			children = (
				1222CE962AFB4AE1003D3DB7 /* Splash */,
			);
			path = Presentation;
			sourceTree = "<group>";
		};
		1222CE962AFB4AE1003D3DB7 /* Splash */ = {
			isa = PBXGroup;
			children = (
				1222CE942AFB4AD9003D3DB7 /* Splash.swift */,
			);
			path = Splash;
			sourceTree = "<group>";
		};
/* End PBXGroup section */

/* Begin PBXNativeTarget section */
		1222CE5E2AEA22C9003D3DB7 /* Son of Mom's Friend */ = {
			isa = PBXNativeTarget;
			buildConfigurationList = 1222CE732AEA22CA003D3DB7 /* Build configuration list for PBXNativeTarget "Son of Mom's Friend" */;
			buildPhases = (
				1222CE5B2AEA22C9003D3DB7 /* Sources */,
				1222CE5C2AEA22C9003D3DB7 /* Frameworks */,
				1222CE5D2AEA22C9003D3DB7 /* Resources */,
			);
			buildRules = (
			);
			dependencies = (
			);
			name = "Son of Mom's Friend";
			productName = "Son of Mom's Friend";
			productReference = 1222CE5F2AEA22C9003D3DB7 /* Son of Mom's Friend.app */;
			productType = "com.apple.product-type.application";
		};
/* End PBXNativeTarget section */

/* Begin PBXProject section */
		1222CE572AEA22C8003D3DB7 /* Project object */ = {
			isa = PBXProject;
			attributes = {
				BuildIndependentTargetsInParallel = 1;
				LastSwiftUpdateCheck = 1500;
				LastUpgradeCheck = 1500;
				TargetAttributes = {
					1222CE5E2AEA22C9003D3DB7 = {
						CreatedOnToolsVersion = 15.0.1;
					};
				};
			};
			buildConfigurationList = 1222CE5A2AEA22C8003D3DB7 /* Build configuration list for PBXProject "Son of Mom's Friend" */;
			compatibilityVersion = "Xcode 14.0";
			developmentRegion = en;
			hasScannedForEncodings = 0;
			knownRegions = (
				en,
				Base,
			);
			mainGroup = 1222CE562AEA22C8003D3DB7;
			productRefGroup = 1222CE602AEA22C9003D3DB7 /* Products */;
			projectDirPath = "";
			projectRoot = "";
			targets = (
				1222CE5E2AEA22C9003D3DB7 /* Son of Mom's Friend */,
			);
		};
/* End PBXProject section */

/* Begin PBXResourcesBuildPhase section */
		1222CE5D2AEA22C9003D3DB7 /* Resources */ = {
			isa = PBXResourcesBuildPhase;
			buildActionMask = 2147483647;
			files = (
				1222CE6F2AEA22CA003D3DB7 /* LaunchScreen.storyboard in Resources */,
				1222CE6C2AEA22CA003D3DB7 /* Assets.xcassets in Resources */,
				1222CE6A2AEA22C9003D3DB7 /* Main.storyboard in Resources */,
			);
			runOnlyForDeploymentPostprocessing = 0;
		};
/* End PBXResourcesBuildPhase section */

/* Begin PBXSourcesBuildPhase section */
		1222CE5B2AEA22C9003D3DB7 /* Sources */ = {
			isa = PBXSourcesBuildPhase;
			buildActionMask = 2147483647;
			files = (
				1222CE672AEA22C9003D3DB7 /* ViewController.swift in Sources */,
				1222CE632AEA22C9003D3DB7 /* AppDelegate.swift in Sources */,
				1222CE872AF1F4D2003D3DB7 /* AchievementManager.swift in Sources */,
				1222CE832AF1F4BF003D3DB7 /* UserManager.swift in Sources */,
				1222CE952AFB4AD9003D3DB7 /* Splash.swift in Sources */,
				1222CE652AEA22C9003D3DB7 /* SceneDelegate.swift in Sources */,
				1222CE7B2AEA5A3E003D3DB7 /* User.swift in Sources */,
				1222CE792AEA5605003D3DB7 /* Celebrity.swift in Sources */,
				1222CE7D2AEA6011003D3DB7 /* Achievement.swift in Sources */,
				1222CE852AF1F4C6003D3DB7 /* CelebrityManager.swift in Sources */,
			);
			runOnlyForDeploymentPostprocessing = 0;
		};
/* End PBXSourcesBuildPhase section */

/* Begin PBXVariantGroup section */
		1222CE682AEA22C9003D3DB7 /* Main.storyboard */ = {
			isa = PBXVariantGroup;
			children = (
				1222CE692AEA22C9003D3DB7 /* Base */,
			);
			name = Main.storyboard;
			sourceTree = "<group>";
		};
		1222CE6D2AEA22CA003D3DB7 /* LaunchScreen.storyboard */ = {
			isa = PBXVariantGroup;
			children = (
				1222CE6E2AEA22CA003D3DB7 /* Base */,
			);
			name = LaunchScreen.storyboard;
			sourceTree = "<group>";
		};
/* End PBXVariantGroup section */

/* Begin XCBuildConfiguration section */
		1222CE712AEA22CA003D3DB7 /* Debug */ = {
			isa = XCBuildConfiguration;
			buildSettings = {
				ALWAYS_SEARCH_USER_PATHS = NO;
				ASSETCATALOG_COMPILER_GENERATE_SWIFT_ASSET_SYMBOL_EXTENSIONS = YES;
				CLANG_ANALYZER_NONNULL = YES;
				CLANG_ANALYZER_NUMBER_OBJECT_CONVERSION = YES_AGGRESSIVE;
				CLANG_CXX_LANGUAGE_STANDARD = "gnu++20";
				CLANG_ENABLE_MODULES = YES;
				CLANG_ENABLE_OBJC_ARC = YES;
				CLANG_ENABLE_OBJC_WEAK = YES;
				CLANG_WARN_BLOCK_CAPTURE_AUTORELEASING = YES;
				CLANG_WARN_BOOL_CONVERSION = YES;
				CLANG_WARN_COMMA = YES;
				CLANG_WARN_CONSTANT_CONVERSION = YES;
				CLANG_WARN_DEPRECATED_OBJC_IMPLEMENTATIONS = YES;
				CLANG_WARN_DIRECT_OBJC_ISA_USAGE = YES_ERROR;
				CLANG_WARN_DOCUMENTATION_COMMENTS = YES;
				CLANG_WARN_EMPTY_BODY = YES;
				CLANG_WARN_ENUM_CONVERSION = YES;
				CLANG_WARN_INFINITE_RECURSION = YES;
				CLANG_WARN_INT_CONVERSION = YES;
				CLANG_WARN_NON_LITERAL_NULL_CONVERSION = YES;
				CLANG_WARN_OBJC_IMPLICIT_RETAIN_SELF = YES;
				CLANG_WARN_OBJC_LITERAL_CONVERSION = YES;
				CLANG_WARN_OBJC_ROOT_CLASS = YES_ERROR;
				CLANG_WARN_QUOTED_INCLUDE_IN_FRAMEWORK_HEADER = YES;
				CLANG_WARN_RANGE_LOOP_ANALYSIS = YES;
				CLANG_WARN_STRICT_PROTOTYPES = YES;
				CLANG_WARN_SUSPICIOUS_MOVE = YES;
				CLANG_WARN_UNGUARDED_AVAILABILITY = YES_AGGRESSIVE;
				CLANG_WARN_UNREACHABLE_CODE = YES;
				CLANG_WARN__DUPLICATE_METHOD_MATCH = YES;
				COPY_PHASE_STRIP = NO;
				DEBUG_INFORMATION_FORMAT = dwarf;
				ENABLE_STRICT_OBJC_MSGSEND = YES;
				ENABLE_TESTABILITY = YES;
				ENABLE_USER_SCRIPT_SANDBOXING = YES;
				GCC_C_LANGUAGE_STANDARD = gnu17;
				GCC_DYNAMIC_NO_PIC = NO;
				GCC_NO_COMMON_BLOCKS = YES;
				GCC_OPTIMIZATION_LEVEL = 0;
				GCC_PREPROCESSOR_DEFINITIONS = (
					"DEBUG=1",
					"$(inherited)",
				);
				GCC_WARN_64_TO_32_BIT_CONVERSION = YES;
				GCC_WARN_ABOUT_RETURN_TYPE = YES_ERROR;
				GCC_WARN_UNDECLARED_SELECTOR = YES;
				GCC_WARN_UNINITIALIZED_AUTOS = YES_AGGRESSIVE;
				GCC_WARN_UNUSED_FUNCTION = YES;
				GCC_WARN_UNUSED_VARIABLE = YES;
				IPHONEOS_DEPLOYMENT_TARGET = 17.0;
				LOCALIZATION_PREFERS_STRING_CATALOGS = YES;
				MTL_ENABLE_DEBUG_INFO = INCLUDE_SOURCE;
				MTL_FAST_MATH = YES;
				ONLY_ACTIVE_ARCH = YES;
				SDKROOT = iphoneos;
				SWIFT_ACTIVE_COMPILATION_CONDITIONS = "DEBUG $(inherited)";
				SWIFT_OPTIMIZATION_LEVEL = "-Onone";
			};
			name = Debug;
		};
		1222CE722AEA22CA003D3DB7 /* Release */ = {
			isa = XCBuildConfiguration;
			buildSettings = {
				ALWAYS_SEARCH_USER_PATHS = NO;
				ASSETCATALOG_COMPILER_GENERATE_SWIFT_ASSET_SYMBOL_EXTENSIONS = YES;
				CLANG_ANALYZER_NONNULL = YES;
				CLANG_ANALYZER_NUMBER_OBJECT_CONVERSION = YES_AGGRESSIVE;
				CLANG_CXX_LANGUAGE_STANDARD = "gnu++20";
				CLANG_ENABLE_MODULES = YES;
				CLANG_ENABLE_OBJC_ARC = YES;
				CLANG_ENABLE_OBJC_WEAK = YES;
				CLANG_WARN_BLOCK_CAPTURE_AUTORELEASING = YES;
				CLANG_WARN_BOOL_CONVERSION = YES;
				CLANG_WARN_COMMA = YES;
				CLANG_WARN_CONSTANT_CONVERSION = YES;
				CLANG_WARN_DEPRECATED_OBJC_IMPLEMENTATIONS = YES;
				CLANG_WARN_DIRECT_OBJC_ISA_USAGE = YES_ERROR;
				CLANG_WARN_DOCUMENTATION_COMMENTS = YES;
				CLANG_WARN_EMPTY_BODY = YES;
				CLANG_WARN_ENUM_CONVERSION = YES;
				CLANG_WARN_INFINITE_RECURSION = YES;
				CLANG_WARN_INT_CONVERSION = YES;
				CLANG_WARN_NON_LITERAL_NULL_CONVERSION = YES;
				CLANG_WARN_OBJC_IMPLICIT_RETAIN_SELF = YES;
				CLANG_WARN_OBJC_LITERAL_CONVERSION = YES;
				CLANG_WARN_OBJC_ROOT_CLASS = YES_ERROR;
				CLANG_WARN_QUOTED_INCLUDE_IN_FRAMEWORK_HEADER = YES;
				CLANG_WARN_RANGE_LOOP_ANALYSIS = YES;
				CLANG_WARN_STRICT_PROTOTYPES = YES;
				CLANG_WARN_SUSPICIOUS_MOVE = YES;
				CLANG_WARN_UNGUARDED_AVAILABILITY = YES_AGGRESSIVE;
				CLANG_WARN_UNREACHABLE_CODE = YES;
				CLANG_WARN__DUPLICATE_METHOD_MATCH = YES;
				COPY_PHASE_STRIP = NO;
				DEBUG_INFORMATION_FORMAT = "dwarf-with-dsym";
				ENABLE_NS_ASSERTIONS = NO;
				ENABLE_STRICT_OBJC_MSGSEND = YES;
				ENABLE_USER_SCRIPT_SANDBOXING = YES;
				GCC_C_LANGUAGE_STANDARD = gnu17;
				GCC_NO_COMMON_BLOCKS = YES;
				GCC_WARN_64_TO_32_BIT_CONVERSION = YES;
				GCC_WARN_ABOUT_RETURN_TYPE = YES_ERROR;
				GCC_WARN_UNDECLARED_SELECTOR = YES;
				GCC_WARN_UNINITIALIZED_AUTOS = YES_AGGRESSIVE;
				GCC_WARN_UNUSED_FUNCTION = YES;
				GCC_WARN_UNUSED_VARIABLE = YES;
				IPHONEOS_DEPLOYMENT_TARGET = 17.0;
				LOCALIZATION_PREFERS_STRING_CATALOGS = YES;
				MTL_ENABLE_DEBUG_INFO = NO;
				MTL_FAST_MATH = YES;
				SDKROOT = iphoneos;
				SWIFT_COMPILATION_MODE = wholemodule;
				VALIDATE_PRODUCT = YES;
			};
			name = Release;
		};
		1222CE742AEA22CA003D3DB7 /* Debug */ = {
			isa = XCBuildConfiguration;
			buildSettings = {
				ASSETCATALOG_COMPILER_APPICON_NAME = AppIcon;
				ASSETCATALOG_COMPILER_GLOBAL_ACCENT_COLOR_NAME = AccentColor;
				CODE_SIGN_STYLE = Automatic;
				CURRENT_PROJECT_VERSION = 1;
				DEVELOPMENT_TEAM = D23Z5VP235;
				GENERATE_INFOPLIST_FILE = YES;
				INFOPLIST_FILE = "Son of Mom's Friend/Info.plist";
				INFOPLIST_KEY_UIApplicationSupportsIndirectInputEvents = YES;
				INFOPLIST_KEY_UILaunchStoryboardName = LaunchScreen;
				INFOPLIST_KEY_UIMainStoryboardFile = Main;
				INFOPLIST_KEY_UISupportedInterfaceOrientations_iPad = "UIInterfaceOrientationPortrait UIInterfaceOrientationPortraitUpsideDown UIInterfaceOrientationLandscapeLeft UIInterfaceOrientationLandscapeRight";
				INFOPLIST_KEY_UISupportedInterfaceOrientations_iPhone = "UIInterfaceOrientationPortrait UIInterfaceOrientationLandscapeLeft UIInterfaceOrientationLandscapeRight";
				LD_RUNPATH_SEARCH_PATHS = (
					"$(inherited)",
					"@executable_path/Frameworks",
				);
				MARKETING_VERSION = 1.0;
				PRODUCT_BUNDLE_IDENTIFIER = "Artem.Son-of-Mom-s-Friend";
				PRODUCT_NAME = "$(TARGET_NAME)";
				SWIFT_EMIT_LOC_STRINGS = YES;
				SWIFT_VERSION = 5.0;
				TARGETED_DEVICE_FAMILY = "1,2";
			};
			name = Debug;
		};
		1222CE752AEA22CA003D3DB7 /* Release */ = {
			isa = XCBuildConfiguration;
			buildSettings = {
				ASSETCATALOG_COMPILER_APPICON_NAME = AppIcon;
				ASSETCATALOG_COMPILER_GLOBAL_ACCENT_COLOR_NAME = AccentColor;
				CODE_SIGN_STYLE = Automatic;
				CURRENT_PROJECT_VERSION = 1;
				DEVELOPMENT_TEAM = D23Z5VP235;
				GENERATE_INFOPLIST_FILE = YES;
				INFOPLIST_FILE = "Son of Mom's Friend/Info.plist";
				INFOPLIST_KEY_UIApplicationSupportsIndirectInputEvents = YES;
				INFOPLIST_KEY_UILaunchStoryboardName = LaunchScreen;
				INFOPLIST_KEY_UIMainStoryboardFile = Main;
				INFOPLIST_KEY_UISupportedInterfaceOrientations_iPad = "UIInterfaceOrientationPortrait UIInterfaceOrientationPortraitUpsideDown UIInterfaceOrientationLandscapeLeft UIInterfaceOrientationLandscapeRight";
				INFOPLIST_KEY_UISupportedInterfaceOrientations_iPhone = "UIInterfaceOrientationPortrait UIInterfaceOrientationLandscapeLeft UIInterfaceOrientationLandscapeRight";
				LD_RUNPATH_SEARCH_PATHS = (
					"$(inherited)",
					"@executable_path/Frameworks",
				);
				MARKETING_VERSION = 1.0;
				PRODUCT_BUNDLE_IDENTIFIER = "Artem.Son-of-Mom-s-Friend";
				PRODUCT_NAME = "$(TARGET_NAME)";
				SWIFT_EMIT_LOC_STRINGS = YES;
				SWIFT_VERSION = 5.0;
				TARGETED_DEVICE_FAMILY = "1,2";
			};
			name = Release;
		};
/* End XCBuildConfiguration section */

/* Begin XCConfigurationList section */
		1222CE5A2AEA22C8003D3DB7 /* Build configuration list for PBXProject "Son of Mom's Friend" */ = {
			isa = XCConfigurationList;
			buildConfigurations = (
				1222CE712AEA22CA003D3DB7 /* Debug */,
				1222CE722AEA22CA003D3DB7 /* Release */,
			);
			defaultConfigurationIsVisible = 0;
			defaultConfigurationName = Release;
		};
		1222CE732AEA22CA003D3DB7 /* Build configuration list for PBXNativeTarget "Son of Mom's Friend" */ = {
			isa = XCConfigurationList;
			buildConfigurations = (
				1222CE742AEA22CA003D3DB7 /* Debug */,
				1222CE752AEA22CA003D3DB7 /* Release */,
			);
			defaultConfigurationIsVisible = 0;
			defaultConfigurationName = Release;
		};
/* End XCConfigurationList section */
	};
	rootObject = 1222CE572AEA22C8003D3DB7 /* Project object */;
}
